
Microsoft Visual Studio Solution File, Format Version 12.00
# Visual Studio 2015
Project("{FAE04EC0-301F-11D3-BF4B-00C04F79EFBC}") = "Osmose", "Osmose.csproj", "{74B575DE-4809-6B9A-1C07-2639DBDB4B4A}"
EndProject
Project("{FAE04EC0-301F-11D3-BF4B-00C04F79EFBC}") = "Osmose.Editor", "Osmose.Editor.csproj", "{4B92F234-1AE1-2B0D-4166-8D5347F11DF7}"
EndProject
Global
	GlobalSection(SolutionConfigurationPlatforms) = preSolution
		Debug|Any CPU = Debug|Any CPU
		Release|Any CPU = Release|Any CPU
	EndGlobalSection
	GlobalSection(ProjectConfigurationPlatforms) = postSolution
		{74B575DE-4809-6B9A-1C07-2639DBDB4B4A}.Debug|Any CPU.ActiveCfg = Debug|Any CPU
		{74B575DE-4809-6B9A-1C07-2639DBDB4B4A}.Debug|Any CPU.Build.0 = Debug|Any CPU
		{74B575DE-4809-6B9A-1C07-2639DBDB4B4A}.Release|Any CPU.ActiveCfg = Release|Any CPU
		{74B575DE-4809-6B9A-1C07-2639DBDB4B4A}.Release|Any CPU.Build.0 = Release|Any CPU
		{4B92F234-1AE1-2B0D-4166-8D5347F11DF7}.Debug|Any CPU.ActiveCfg = Debug|Any CPU
		{4B92F234-1AE1-2B0D-4166-8D5347F11DF7}.Debug|Any CPU.Build.0 = Debug|Any CPU
		{4B92F234-1AE1-2B0D-4166-8D5347F11DF7}.Release|Any CPU.ActiveCfg = Release|Any CPU
		{4B92F234-1AE1-2B0D-4166-8D5347F11DF7}.Release|Any CPU.Build.0 = Release|Any CPU
	EndGlobalSection
	GlobalSection(SolutionProperties) = preSolution
		HideSolutionNode = FALSE
	EndGlobalSection
EndGlobal
